
Microsoft Visual Studio Solution File, Format Version 12.00
# Visual Studio Version 16
VisualStudioVersion = 16.0.30128.74
MinimumVisualStudioVersion = 10.0.40219.1
Project("{FAE04EC0-301F-11D3-BF4B-00C04F79EFBC}") = "Form Biblioteca", "Form Biblioteca\Form Biblioteca.csproj", "{A0886F80-C3F2-42C4-B73D-E3BE2F3AE758}"
EndProject
Project("{FAE04EC0-301F-11D3-BF4B-00C04F79EFBC}") = "Entidades", "Entidades\Entidades.csproj", "{4B0AA250-B9DB-4FC0-AFDE-3017431AABBE}"
EndProject
Project("{FAE04EC0-301F-11D3-BF4B-00C04F79EFBC}") = "Datos", "Datos\Datos.csproj", "{BF921E70-5D17-4E49-BB14-002AE85D9CA2}"
EndProject
Project("{FAE04EC0-301F-11D3-BF4B-00C04F79EFBC}") = "Negocio", "Negocio\Negocio.csproj", "{ECF884DE-6A4C-4E15-9287-A729F34291C5}"
EndProject
Global
	GlobalSection(SolutionConfigurationPlatforms) = preSolution
		Debug|Any CPU = Debug|Any CPU
		Release|Any CPU = Release|Any CPU
	EndGlobalSection
	GlobalSection(ProjectConfigurationPlatforms) = postSolution
		{A0886F80-C3F2-42C4-B73D-E3BE2F3AE758}.Debug|Any CPU.ActiveCfg = Debug|Any CPU
		{A0886F80-C3F2-42C4-B73D-E3BE2F3AE758}.Debug|Any CPU.Build.0 = Debug|Any CPU
		{A0886F80-C3F2-42C4-B73D-E3BE2F3AE758}.Release|Any CPU.ActiveCfg = Release|Any CPU
		{A0886F80-C3F2-42C4-B73D-E3BE2F3AE758}.Release|Any CPU.Build.0 = Release|Any CPU
		{4B0AA250-B9DB-4FC0-AFDE-3017431AABBE}.Debug|Any CPU.ActiveCfg = Debug|Any CPU
		{4B0AA250-B9DB-4FC0-AFDE-3017431AABBE}.Debug|Any CPU.Build.0 = Debug|Any CPU
		{4B0AA250-B9DB-4FC0-AFDE-3017431AABBE}.Release|Any CPU.ActiveCfg = Release|Any CPU
		{4B0AA250-B9DB-4FC0-AFDE-3017431AABBE}.Release|Any CPU.Build.0 = Release|Any CPU
		{BF921E70-5D17-4E49-BB14-002AE85D9CA2}.Debug|Any CPU.ActiveCfg = Debug|Any CPU
		{BF921E70-5D17-4E49-BB14-002AE85D9CA2}.Debug|Any CPU.Build.0 = Debug|Any CPU
		{BF921E70-5D17-4E49-BB14-002AE85D9CA2}.Release|Any CPU.ActiveCfg = Release|Any CPU
		{BF921E70-5D17-4E49-BB14-002AE85D9CA2}.Release|Any CPU.Build.0 = Release|Any CPU
		{ECF884DE-6A4C-4E15-9287-A729F34291C5}.Debug|Any CPU.ActiveCfg = Debug|Any CPU
		{ECF884DE-6A4C-4E15-9287-A729F34291C5}.Debug|Any CPU.Build.0 = Debug|Any CPU
		{ECF884DE-6A4C-4E15-9287-A729F34291C5}.Release|Any CPU.ActiveCfg = Release|Any CPU
		{ECF884DE-6A4C-4E15-9287-A729F34291C5}.Release|Any CPU.Build.0 = Release|Any CPU
	EndGlobalSection
	GlobalSection(SolutionProperties) = preSolution
		HideSolutionNode = FALSE
	EndGlobalSection
	GlobalSection(ExtensibilityGlobals) = postSolution
		SolutionGuid = {B10DE87C-255F-4FD1-94E4-04E766727B17}
	EndGlobalSection
EndGlobal
